{
  "version": 4,
  "terraform_version": "1.6.6",
  "serial": 1,
  "lineage": "0639756f-f0f8-4da9-a3a1-c1baef324b53",
  "outputs": {},
  "resources": [
    {
      "mode": "managed",
      "type": "snowflake_database",
      "name": "POC-DB",
      "provider": "provider[\"registry.terraform.io/snowflake-labs/snowflake\"]",
      "instances": [
        {
          "schema_version": 0,
          "attributes": {
            "comment": "Database for Snowflake Terraform demo",
            "data_retention_time_in_days": -1,
            "from_database": null,
            "from_replica": null,
            "from_share": null,
            "id": "DB_POC_DevOps",
            "is_transient": false,
            "name": "DB_POC_DevOps",
            "replication_configuration": []
          },
          "sensitive_attributes": [],
          "private": "bnVsbA=="
        }
      ]
    }
  ],
  "check_results": null
}
